
Microsoft Visual Studio Solution File, Format Version 12.00
Project("{FAE04EC0-301F-11D3-BF4B-00C04F79EFBC}") = "CatalogGames.Domain", "CatalogGames.Domain\CatalogGames.Domain.csproj", "{F3E642BD-4ABA-4FDA-AE54-0923ED97AF10}"
EndProject
Project("{FAE04EC0-301F-11D3-BF4B-00C04F79EFBC}") = "CatalogGames.Api", "CatalogGames.Api\CatalogGames.Api.csproj", "{C24A5777-FE04-42BA-9227-4F605CFC568B}"
EndProject
Global
	GlobalSection(SolutionConfigurationPlatforms) = preSolution
		Debug|Any CPU = Debug|Any CPU
		Release|Any CPU = Release|Any CPU
	EndGlobalSection
	GlobalSection(ProjectConfigurationPlatforms) = postSolution
		{F3E642BD-4ABA-4FDA-AE54-0923ED97AF10}.Debug|Any CPU.ActiveCfg = Debug|Any CPU
		{F3E642BD-4ABA-4FDA-AE54-0923ED97AF10}.Debug|Any CPU.Build.0 = Debug|Any CPU
		{F3E642BD-4ABA-4FDA-AE54-0923ED97AF10}.Release|Any CPU.ActiveCfg = Release|Any CPU
		{F3E642BD-4ABA-4FDA-AE54-0923ED97AF10}.Release|Any CPU.Build.0 = Release|Any CPU
		{C24A5777-FE04-42BA-9227-4F605CFC568B}.Debug|Any CPU.ActiveCfg = Debug|Any CPU
		{C24A5777-FE04-42BA-9227-4F605CFC568B}.Debug|Any CPU.Build.0 = Debug|Any CPU
		{C24A5777-FE04-42BA-9227-4F605CFC568B}.Release|Any CPU.ActiveCfg = Release|Any CPU
		{C24A5777-FE04-42BA-9227-4F605CFC568B}.Release|Any CPU.Build.0 = Release|Any CPU
	EndGlobalSection
EndGlobal
